
Microsoft Visual Studio Solution File, Format Version 12.00
# Visual Studio Version 17
VisualStudioVersion = 17.3.32825.248
MinimumVisualStudioVersion = 10.0.40219.1
Project("{FAE04EC0-301F-11D3-BF4B-00C04F79EFBC}") = "ShippingExtension", "ShippingExtension\ShippingExtension.csproj", "{DA46B6B8-9F6A-48D8-B728-AC6304E7267B}"
EndProject
Global
	GlobalSection(SolutionConfigurationPlatforms) = preSolution
		Debug|Any CPU = Debug|Any CPU
		Release|Any CPU = Release|Any CPU
	EndGlobalSection
	GlobalSection(ProjectConfigurationPlatforms) = postSolution
		{DA46B6B8-9F6A-48D8-B728-AC6304E7267B}.Debug|Any CPU.ActiveCfg = Debug|Any CPU
		{DA46B6B8-9F6A-48D8-B728-AC6304E7267B}.Debug|Any CPU.Build.0 = Debug|Any CPU
		{DA46B6B8-9F6A-48D8-B728-AC6304E7267B}.Release|Any CPU.ActiveCfg = Release|Any CPU
		{DA46B6B8-9F6A-48D8-B728-AC6304E7267B}.Release|Any CPU.Build.0 = Release|Any CPU
	EndGlobalSection
	GlobalSection(SolutionProperties) = preSolution
		HideSolutionNode = FALSE
	EndGlobalSection
	GlobalSection(ExtensibilityGlobals) = postSolution
		SolutionGuid = {C0A286EB-25B3-453E-8BF5-834FBFD31840}
	EndGlobalSection
EndGlobal
